
Microsoft Visual Studio Solution File, Format Version 12.00
# Visual Studio Version 16
VisualStudioVersion = 16.0.30717.126
MinimumVisualStudioVersion = 10.0.40219.1
Project("{FAE04EC0-301F-11D3-BF4B-00C04F79EFBC}") = "DatabaseConnection", "DatabaseConnection\DatabaseConnection.csproj", "{03F93F64-DF2E-40F9-A4FB-C00826C0B046}"
EndProject
Global
	GlobalSection(SolutionConfigurationPlatforms) = preSolution
		Debug|Any CPU = Debug|Any CPU
		Release|Any CPU = Release|Any CPU
	EndGlobalSection
	GlobalSection(ProjectConfigurationPlatforms) = postSolution
		{03F93F64-DF2E-40F9-A4FB-C00826C0B046}.Debug|Any CPU.ActiveCfg = Debug|Any CPU
		{03F93F64-DF2E-40F9-A4FB-C00826C0B046}.Debug|Any CPU.Build.0 = Debug|Any CPU
		{03F93F64-DF2E-40F9-A4FB-C00826C0B046}.Release|Any CPU.ActiveCfg = Release|Any CPU
		{03F93F64-DF2E-40F9-A4FB-C00826C0B046}.Release|Any CPU.Build.0 = Release|Any CPU
	EndGlobalSection
	GlobalSection(SolutionProperties) = preSolution
		HideSolutionNode = FALSE
	EndGlobalSection
	GlobalSection(ExtensibilityGlobals) = postSolution
		SolutionGuid = {0A65B849-784B-4396-9073-DFF0B4D81E33}
	EndGlobalSection
EndGlobal
